
Microsoft Visual Studio Solution File, Format Version 12.00
# Visual Studio Version 17
VisualStudioVersion = 17.3.32922.545
MinimumVisualStudioVersion = 10.0.40219.1
Project("{FAE04EC0-301F-11D3-BF4B-00C04F79EFBC}") = "1лаба_Андреева", "1лаба_Андреева\1лаба_Андреева.csproj", "{DAAE7097-A79B-4A32-AA19-EE09070DC60A}"
EndProject
Global
	GlobalSection(SolutionConfigurationPlatforms) = preSolution
		Debug|Any CPU = Debug|Any CPU
		Release|Any CPU = Release|Any CPU
	EndGlobalSection
	GlobalSection(ProjectConfigurationPlatforms) = postSolution
		{DAAE7097-A79B-4A32-AA19-EE09070DC60A}.Debug|Any CPU.ActiveCfg = Debug|Any CPU
		{DAAE7097-A79B-4A32-AA19-EE09070DC60A}.Debug|Any CPU.Build.0 = Debug|Any CPU
		{DAAE7097-A79B-4A32-AA19-EE09070DC60A}.Release|Any CPU.ActiveCfg = Release|Any CPU
		{DAAE7097-A79B-4A32-AA19-EE09070DC60A}.Release|Any CPU.Build.0 = Release|Any CPU
	EndGlobalSection
	GlobalSection(SolutionProperties) = preSolution
		HideSolutionNode = FALSE
	EndGlobalSection
	GlobalSection(ExtensibilityGlobals) = postSolution
		SolutionGuid = {EF616CA1-C0F5-40D9-A4FD-C502E08EB1C8}
	EndGlobalSection
EndGlobal
